
Microsoft Visual Studio Solution File, Format Version 12.00
# Visual Studio Version 17
VisualStudioVersion = 17.5.33627.172
MinimumVisualStudioVersion = 10.0.40219.1
Project("{FAE04EC0-301F-11D3-BF4B-00C04F79EFBC}") = "pro2", "pro2\pro2.csproj", "{D88510D5-50C5-438B-AD23-D105C428275A}"
EndProject
Project("{FAE04EC0-301F-11D3-BF4B-00C04F79EFBC}") = "Simulator", "Simulator\Simulator.csproj", "{BF373A49-7C3F-43ED-874E-59CC553FAE71}"
EndProject
Global
	GlobalSection(SolutionConfigurationPlatforms) = preSolution
		Debug|Any CPU = Debug|Any CPU
		Release|Any CPU = Release|Any CPU
	EndGlobalSection
	GlobalSection(ProjectConfigurationPlatforms) = postSolution
		{D88510D5-50C5-438B-AD23-D105C428275A}.Debug|Any CPU.ActiveCfg = Debug|Any CPU
		{D88510D5-50C5-438B-AD23-D105C428275A}.Debug|Any CPU.Build.0 = Debug|Any CPU
		{D88510D5-50C5-438B-AD23-D105C428275A}.Release|Any CPU.ActiveCfg = Release|Any CPU
		{D88510D5-50C5-438B-AD23-D105C428275A}.Release|Any CPU.Build.0 = Release|Any CPU
		{BF373A49-7C3F-43ED-874E-59CC553FAE71}.Debug|Any CPU.ActiveCfg = Debug|Any CPU
		{BF373A49-7C3F-43ED-874E-59CC553FAE71}.Debug|Any CPU.Build.0 = Debug|Any CPU
		{BF373A49-7C3F-43ED-874E-59CC553FAE71}.Release|Any CPU.ActiveCfg = Release|Any CPU
		{BF373A49-7C3F-43ED-874E-59CC553FAE71}.Release|Any CPU.Build.0 = Release|Any CPU
	EndGlobalSection
	GlobalSection(SolutionProperties) = preSolution
		HideSolutionNode = FALSE
	EndGlobalSection
	GlobalSection(ExtensibilityGlobals) = postSolution
		SolutionGuid = {D8808C47-41EC-4CAE-9744-834BF8EE6571}
	EndGlobalSection
EndGlobal
